{
  "version": 4,
  "terraform_version": "1.9.8",
  "serial": 3,
  "lineage": "b622928c-89c6-b396-f0da-b2d490e4cfcc",
  "outputs": {},
  "resources": [
    {
      "mode": "managed",
      "type": "github_branch",
      "name": "gh_pages_branch",
      "provider": "provider[\"registry.terraform.io/integrations/github\"]",
      "instances": [
        {
          "schema_version": 0,
          "attributes": {
            "branch": "gh-pages",
            "etag": "W/\"06158da34e477ea8ac28253eeb5d8c845ee2edda5740d08140e7cbf00fc51c9c\"",
            "id": "superspecials-shanna:gh-pages",
            "ref": "refs/heads/gh-pages",
            "repository": "superspecials-shanna",
            "sha": "d298fd7bb06a4d5de62c8e12189732c321572d40",
            "source_branch": "main",
            "source_sha": "d298fd7bb06a4d5de62c8e12189732c321572d40"
          },
          "sensitive_attributes": [],
          "private": "bnVsbA==",
          "dependencies": [
            "github_repository.gatsby_site"
          ],
          "create_before_destroy": true
        }
      ]
    },
    {
      "mode": "managed",
      "type": "github_repository",
      "name": "gatsby_site",
      "provider": "provider[\"registry.terraform.io/integrations/github\"]",
      "instances": [
        {
          "schema_version": 1,
          "attributes": {
            "allow_auto_merge": false,
            "allow_merge_commit": true,
            "allow_rebase_merge": true,
            "allow_squash_merge": true,
            "allow_update_branch": false,
            "archive_on_destroy": null,
            "archived": false,
            "auto_init": true,
            "default_branch": "main",
            "delete_branch_on_merge": false,
            "description": "A Gatsby website deployed to GitHub Pages",
            "etag": "W/\"981df4e33afdaea22498c78c00e5331fb2b1870ba4d22c088ac330524312b1ed\"",
            "full_name": "mapuno/superspecials-shanna",
            "git_clone_url": "git://github.com/mapuno/superspecials-shanna.git",
            "gitignore_template": null,
            "has_discussions": false,
            "has_downloads": false,
            "has_issues": false,
            "has_projects": false,
            "has_wiki": false,
            "homepage_url": "",
            "html_url": "https://github.com/mapuno/superspecials-shanna",
            "http_clone_url": "https://github.com/mapuno/superspecials-shanna.git",
            "id": "superspecials-shanna",
            "ignore_vulnerability_alerts_during_read": null,
            "is_template": false,
            "license_template": null,
            "merge_commit_message": "PR_TITLE",
            "merge_commit_title": "MERGE_MESSAGE",
            "name": "superspecials-shanna",
            "node_id": "R_kgDONLuQmQ",
            "pages": [],
            "primary_language": "",
            "private": false,
            "repo_id": 884707481,
            "security_and_analysis": [
              {
                "advanced_security": [],
                "secret_scanning": [
                  {
                    "status": "enabled"
                  }
                ],
                "secret_scanning_push_protection": [
                  {
                    "status": "enabled"
                  }
                ]
              }
            ],
            "squash_merge_commit_message": "COMMIT_MESSAGES",
            "squash_merge_commit_title": "COMMIT_OR_PR_TITLE",
            "ssh_clone_url": "git@github.com:mapuno/superspecials-shanna.git",
            "svn_url": "https://github.com/mapuno/superspecials-shanna",
            "template": [],
            "topics": [],
            "visibility": "public",
            "vulnerability_alerts": false,
            "web_commit_signoff_required": false
          },
          "sensitive_attributes": [],
          "private": "eyJzY2hlbWFfdmVyc2lvbiI6IjEifQ==",
          "create_before_destroy": true
        }
      ]
    }
  ],
  "check_results": null
}
